
Microsoft Visual Studio Solution File, Format Version 12.00
# Visual Studio Version 16
VisualStudioVersion = 16.0.31005.135
MinimumVisualStudioVersion = 10.0.40219.1
Project("{FAE04EC0-301F-11D3-BF4B-00C04F79EFBC}") = "lb3Kravchenko", "lb3Kravchenko.csproj", "{0AA3F76E-0DC5-42A5-A5B6-4002266B019D}"
EndProject
Project("{FAE04EC0-301F-11D3-BF4B-00C04F79EFBC}") = "Task2", "..\Task2\Task2.csproj", "{1FCB2F81-1EEA-418F-8752-4368947B4E49}"
EndProject
Project("{FAE04EC0-301F-11D3-BF4B-00C04F79EFBC}") = "Task4", "..\Task4\Task4.csproj", "{7CA57E04-2C9E-4536-947B-67F3955618B9}"
EndProject
Global
	GlobalSection(SolutionConfigurationPlatforms) = preSolution
		Debug|Any CPU = Debug|Any CPU
		Release|Any CPU = Release|Any CPU
	EndGlobalSection
	GlobalSection(ProjectConfigurationPlatforms) = postSolution
		{0AA3F76E-0DC5-42A5-A5B6-4002266B019D}.Debug|Any CPU.ActiveCfg = Debug|Any CPU
		{0AA3F76E-0DC5-42A5-A5B6-4002266B019D}.Debug|Any CPU.Build.0 = Debug|Any CPU
		{0AA3F76E-0DC5-42A5-A5B6-4002266B019D}.Release|Any CPU.ActiveCfg = Release|Any CPU
		{0AA3F76E-0DC5-42A5-A5B6-4002266B019D}.Release|Any CPU.Build.0 = Release|Any CPU
		{1FCB2F81-1EEA-418F-8752-4368947B4E49}.Debug|Any CPU.ActiveCfg = Debug|Any CPU
		{1FCB2F81-1EEA-418F-8752-4368947B4E49}.Debug|Any CPU.Build.0 = Debug|Any CPU
		{1FCB2F81-1EEA-418F-8752-4368947B4E49}.Release|Any CPU.ActiveCfg = Release|Any CPU
		{1FCB2F81-1EEA-418F-8752-4368947B4E49}.Release|Any CPU.Build.0 = Release|Any CPU
		{7CA57E04-2C9E-4536-947B-67F3955618B9}.Debug|Any CPU.ActiveCfg = Debug|Any CPU
		{7CA57E04-2C9E-4536-947B-67F3955618B9}.Debug|Any CPU.Build.0 = Debug|Any CPU
		{7CA57E04-2C9E-4536-947B-67F3955618B9}.Release|Any CPU.ActiveCfg = Release|Any CPU
		{7CA57E04-2C9E-4536-947B-67F3955618B9}.Release|Any CPU.Build.0 = Release|Any CPU
	EndGlobalSection
	GlobalSection(SolutionProperties) = preSolution
		HideSolutionNode = FALSE
	EndGlobalSection
	GlobalSection(ExtensibilityGlobals) = postSolution
		SolutionGuid = {C69E1A09-6F39-447F-8561-A8C1A4F2B4B5}
	EndGlobalSection
EndGlobal
